// !$*UTF8*$!
{
	archiveVersion = 1;
	classes = {
	};
	objectVersion = 50;
	objects = {

/* Begin PBXBuildFile section */
		BFD4E03F249E57A900369788 /* AppDelegate.swift in Sources */ = {isa = PBXBuildFile; fileRef = BFD4E03E249E57A900369788 /* AppDelegate.swift */; };
		BFD4E041249E57A900369788 /* SceneDelegate.swift in Sources */ = {isa = PBXBuildFile; fileRef = BFD4E040249E57A900369788 /* SceneDelegate.swift */; };
		BFD4E043249E57A900369788 /* ConversionViewController.swift in Sources */ = {isa = PBXBuildFile; fileRef = BFD4E042249E57A900369788 /* ConversionViewController.swift */; };
		BFD4E046249E57A900369788 /* Main.storyboard in Resources */ = {isa = PBXBuildFile; fileRef = BFD4E044249E57A900369788 /* Main.storyboard */; };
		BFD4E048249E57AA00369788 /* Assets.xcassets in Resources */ = {isa = PBXBuildFile; fileRef = BFD4E047249E57AA00369788 /* Assets.xcassets */; };
		BFD4E04B249E57AA00369788 /* LaunchScreen.storyboard in Resources */ = {isa = PBXBuildFile; fileRef = BFD4E049249E57AA00369788 /* LaunchScreen.storyboard */; };
		BFD4E056249E57AA00369788 /* WorldTrotterTests.swift in Sources */ = {isa = PBXBuildFile; fileRef = BFD4E055249E57AA00369788 /* WorldTrotterTests.swift */; };
		BFD4E061249E57AA00369788 /* WorldTrotterUITests.swift in Sources */ = {isa = PBXBuildFile; fileRef = BFD4E060249E57AA00369788 /* WorldTrotterUITests.swift */; };
		BFD4E0AB249FDA8200369788 /* MapViewController.swift in Sources */ = {isa = PBXBuildFile; fileRef = BFD4E0AA249FDA8200369788 /* MapViewController.swift */; };
/* End PBXBuildFile section */

/* Begin PBXContainerItemProxy section */
		BFD4E052249E57AA00369788 /* PBXContainerItemProxy */ = {
			isa = PBXContainerItemProxy;
			containerPortal = BFD4E033249E57A900369788 /* Project object */;
			proxyType = 1;
			remoteGlobalIDString = BFD4E03A249E57A900369788;
			remoteInfo = WorldTrotter;
		};
		BFD4E05D249E57AA00369788 /* PBXContainerItemProxy */ = {
			isa = PBXContainerItemProxy;
			containerPortal = BFD4E033249E57A900369788 /* Project object */;
			proxyType = 1;
			remoteGlobalIDString = BFD4E03A249E57A900369788;
			remoteInfo = WorldTrotter;
		};
/* End PBXContainerItemProxy section */

/* Begin PBXFileReference section */
		BFD4E03B249E57A900369788 /* WorldTrotter.app */ = {isa = PBXFileReference; explicitFileType = wrapper.application; includeInIndex = 0; path = WorldTrotter.app; sourceTree = BUILT_PRODUCTS_DIR; };
		BFD4E03E249E57A900369788 /* AppDelegate.swift */ = {isa = PBXFileReference; lastKnownFileType = sourcecode.swift; path = AppDelegate.swift; sourceTree = "<group>"; };
		BFD4E040249E57A900369788 /* SceneDelegate.swift */ = {isa = PBXFileReference; lastKnownFileType = sourcecode.swift; path = SceneDelegate.swift; sourceTree = "<group>"; };
		BFD4E042249E57A900369788 /* ConversionViewController.swift */ = {isa = PBXFileReference; lastKnownFileType = sourcecode.swift; path = ConversionViewController.swift; sourceTree = "<group>"; };
		BFD4E045249E57A900369788 /* Base */ = {isa = PBXFileReference; lastKnownFileType = file.storyboard; name = Base; path = Base.lproj/Main.storyboard; sourceTree = "<group>"; };
		BFD4E047249E57AA00369788 /* Assets.xcassets */ = {isa = PBXFileReference; lastKnownFileType = folder.assetcatalog; path = Assets.xcassets; sourceTree = "<group>"; };
		BFD4E04A249E57AA00369788 /* Base */ = {isa = PBXFileReference; lastKnownFileType = file.storyboard; name = Base; path = Base.lproj/LaunchScreen.storyboard; sourceTree = "<group>"; };
		BFD4E04C249E57AA00369788 /* Info.plist */ = {isa = PBXFileReference; lastKnownFileType = text.plist.xml; path = Info.plist; sourceTree = "<group>"; };
		BFD4E051249E57AA00369788 /* WorldTrotterTests.xctest */ = {isa = PBXFileReference; explicitFileType = wrapper.cfbundle; includeInIndex = 0; path = WorldTrotterTests.xctest; sourceTree = BUILT_PRODUCTS_DIR; };
		BFD4E055249E57AA00369788 /* WorldTrotterTests.swift */ = {isa = PBXFileReference; lastKnownFileType = sourcecode.swift; path = WorldTrotterTests.swift; sourceTree = "<group>"; };
		BFD4E057249E57AA00369788 /* Info.plist */ = {isa = PBXFileReference; lastKnownFileType = text.plist.xml; path = Info.plist; sourceTree = "<group>"; };
		BFD4E05C249E57AA00369788 /* WorldTrotterUITests.xctest */ = {isa = PBXFileReference; explicitFileType = wrapper.cfbundle; includeInIndex = 0; path = WorldTrotterUITests.xctest; sourceTree = BUILT_PRODUCTS_DIR; };
		BFD4E060249E57AA00369788 /* WorldTrotterUITests.swift */ = {isa = PBXFileReference; lastKnownFileType = sourcecode.swift; path = WorldTrotterUITests.swift; sourceTree = "<group>"; };
		BFD4E062249E57AA00369788 /* Info.plist */ = {isa = PBXFileReference; lastKnownFileType = text.plist.xml; path = Info.plist; sourceTree = "<group>"; };
		BFD4E0AA249FDA8200369788 /* MapViewController.swift */ = {isa = PBXFileReference; lastKnownFileType = sourcecode.swift; path = MapViewController.swift; sourceTree = "<group>"; };
/* End PBXFileReference section */

/* Begin PBXFrameworksBuildPhase section */
		BFD4E038249E57A900369788 /* Frameworks */ = {
			isa = PBXFrameworksBuildPhase;
			buildActionMask = 2147483647;
			files = (
			);
			runOnlyForDeploymentPostprocessing = 0;
		};
		BFD4E04E249E57AA00369788 /* Frameworks */ = {
			isa = PBXFrameworksBuildPhase;
			buildActionMask = 2147483647;
			files = (
			);
			runOnlyForDeploymentPostprocessing = 0;
		};
		BFD4E059249E57AA00369788 /* Frameworks */ = {
			isa = PBXFrameworksBuildPhase;
			buildActionMask = 2147483647;
			files = (
			);
			runOnlyForDeploymentPostprocessing = 0;
		};
/* End PBXFrameworksBuildPhase section */

/* Begin PBXGroup section */
		BFD4E032249E57A900369788 = {
			isa = PBXGroup;
			children = (
				BFD4E03D249E57A900369788 /* WorldTrotter */,
				BFD4E054249E57AA00369788 /* WorldTrotterTests */,
				BFD4E05F249E57AA00369788 /* WorldTrotterUITests */,
				BFD4E03C249E57A900369788 /* Products */,
			);
			sourceTree = "<group>";
		};
		BFD4E03C249E57A900369788 /* Products */ = {
			isa = PBXGroup;
			children = (
				BFD4E03B249E57A900369788 /* WorldTrotter.app */,
				BFD4E051249E57AA00369788 /* WorldTrotterTests.xctest */,
				BFD4E05C249E57AA00369788 /* WorldTrotterUITests.xctest */,
			);
			name = Products;
			sourceTree = "<group>";
		};
		BFD4E03D249E57A900369788 /* WorldTrotter */ = {
			isa = PBXGroup;
			children = (
				BFD4E03E249E57A900369788 /* AppDelegate.swift */,
				BFD4E040249E57A900369788 /* SceneDelegate.swift */,
				BFD4E042249E57A900369788 /* ConversionViewController.swift */,
				BFD4E0AA249FDA8200369788 /* MapViewController.swift */,
				BFD4E044249E57A900369788 /* Main.storyboard */,
				BFD4E047249E57AA00369788 /* Assets.xcassets */,
				BFD4E049249E57AA00369788 /* LaunchScreen.storyboard */,
				BFD4E04C249E57AA00369788 /* Info.plist */,
			);
			path = WorldTrotter;
			sourceTree = "<group>";
		};
		BFD4E054249E57AA00369788 /* WorldTrotterTests */ = {
			isa = PBXGroup;
			children = (
				BFD4E055249E57AA00369788 /* WorldTrotterTests.swift */,
				BFD4E057249E57AA00369788 /* Info.plist */,
			);
			path = WorldTrotterTests;
			sourceTree = "<group>";
		};
		BFD4E05F249E57AA00369788 /* WorldTrotterUITests */ = {
			isa = PBXGroup;
			children = (
				BFD4E060249E57AA00369788 /* WorldTrotterUITests.swift */,
				BFD4E062249E57AA00369788 /* Info.plist */,
			);
			path = WorldTrotterUITests;
			sourceTree = "<group>";
		};
/* End PBXGroup section */

/* Begin PBXNativeTarget section */
		BFD4E03A249E57A900369788 /* WorldTrotter */ = {
			isa = PBXNativeTarget;
			buildConfigurationList = BFD4E065249E57AA00369788 /* Build configuration list for PBXNativeTarget "WorldTrotter" */;
			buildPhases = (
				BFD4E037249E57A900369788 /* Sources */,
				BFD4E038249E57A900369788 /* Frameworks */,
				BFD4E039249E57A900369788 /* Resources */,
			);
			buildRules = (
			);
			dependencies = (
			);
			name = WorldTrotter;
			productName = WorldTrotter;
			productReference = BFD4E03B249E57A900369788 /* WorldTrotter.app */;
			productType = "com.apple.product-type.application";
		};
		BFD4E050249E57AA00369788 /* WorldTrotterTests */ = {
			isa = PBXNativeTarget;
			buildConfigurationList = BFD4E068249E57AA00369788 /* Build configuration list for PBXNativeTarget "WorldTrotterTests" */;
			buildPhases = (
				BFD4E04D249E57AA00369788 /* Sources */,
				BFD4E04E249E57AA00369788 /* Frameworks */,
				BFD4E04F249E57AA00369788 /* Resources */,
			);
			buildRules = (
			);
			dependencies = (
				BFD4E053249E57AA00369788 /* PBXTargetDependency */,
			);
			name = WorldTrotterTests;
			productName = WorldTrotterTests;
			productReference = BFD4E051249E57AA00369788 /* WorldTrotterTests.xctest */;
			productType = "com.apple.product-type.bundle.unit-test";
		};
		BFD4E05B249E57AA00369788 /* WorldTrotterUITests */ = {
			isa = PBXNativeTarget;
			buildConfigurationList = BFD4E06B249E57AA00369788 /* Build configuration list for PBXNativeTarget "WorldTrotterUITests" */;
			buildPhases = (
				BFD4E058249E57AA00369788 /* Sources */,
				BFD4E059249E57AA00369788 /* Frameworks */,
				BFD4E05A249E57AA00369788 /* Resources */,
			);
			buildRules = (
			);
			dependencies = (
				BFD4E05E249E57AA00369788 /* PBXTargetDependency */,
			);
			name = WorldTrotterUITests;
			productName = WorldTrotterUITests;
			productReference = BFD4E05C249E57AA00369788 /* WorldTrotterUITests.xctest */;
			productType = "com.apple.product-type.bundle.ui-testing";
		};
/* End PBXNativeTarget section */

/* Begin PBXProject section */
		BFD4E033249E57A900369788 /* Project object */ = {
			isa = PBXProject;
			attributes = {
				LastSwiftUpdateCheck = 1150;
				LastUpgradeCheck = 1150;
				ORGANIZATIONNAME = "Yuri Shevtsov";
				TargetAttributes = {
					BFD4E03A249E57A900369788 = {
						CreatedOnToolsVersion = 11.5;
					};
					BFD4E050249E57AA00369788 = {
						CreatedOnToolsVersion = 11.5;
						TestTargetID = BFD4E03A249E57A900369788;
					};
					BFD4E05B249E57AA00369788 = {
						CreatedOnToolsVersion = 11.5;
						TestTargetID = BFD4E03A249E57A900369788;
					};
				};
			};
			buildConfigurationList = BFD4E036249E57A900369788 /* Build configuration list for PBXProject "WorldTrotter" */;
			compatibilityVersion = "Xcode 9.3";
			developmentRegion = en;
			hasScannedForEncodings = 0;
			knownRegions = (
				en,
				Base,
			);
			mainGroup = BFD4E032249E57A900369788;
			productRefGroup = BFD4E03C249E57A900369788 /* Products */;
			projectDirPath = "";
			projectRoot = "";
			targets = (
				BFD4E03A249E57A900369788 /* WorldTrotter */,
				BFD4E050249E57AA00369788 /* WorldTrotterTests */,
				BFD4E05B249E57AA00369788 /* WorldTrotterUITests */,
			);
		};
/* End PBXProject section */

/* Begin PBXResourcesBuildPhase section */
		BFD4E039249E57A900369788 /* Resources */ = {
			isa = PBXResourcesBuildPhase;
			buildActionMask = 2147483647;
			files = (
				BFD4E04B249E57AA00369788 /* LaunchScreen.storyboard in Resources */,
				BFD4E048249E57AA00369788 /* Assets.xcassets in Resources */,
				BFD4E046249E57A900369788 /* Main.storyboard in Resources */,
			);
			runOnlyForDeploymentPostprocessing = 0;
		};
		BFD4E04F249E57AA00369788 /* Resources */ = {
			isa = PBXResourcesBuildPhase;
			buildActionMask = 2147483647;
			files = (
			);
			runOnlyForDeploymentPostprocessing = 0;
		};
		BFD4E05A249E57AA00369788 /* Resources */ = {
			isa = PBXResourcesBuildPhase;
			buildActionMask = 2147483647;
			files = (
			);
			runOnlyForDeploymentPostprocessing = 0;
		};
/* End PBXResourcesBuildPhase section */

/* Begin PBXSourcesBuildPhase section */
		BFD4E037249E57A900369788 /* Sources */ = {
			isa = PBXSourcesBuildPhase;
			buildActionMask = 2147483647;
			files = (
				BFD4E043249E57A900369788 /* ConversionViewController.swift in Sources */,
				BFD4E03F249E57A900369788 /* AppDelegate.swift in Sources */,
				BFD4E041249E57A900369788 /* SceneDelegate.swift in Sources */,
				BFD4E0AB249FDA8200369788 /* MapViewController.swift in Sources */,
			);
			runOnlyForDeploymentPostprocessing = 0;
		};
		BFD4E04D249E57AA00369788 /* Sources */ = {
			isa = PBXSourcesBuildPhase;
			buildActionMask = 2147483647;
			files = (
				BFD4E056249E57AA00369788 /* WorldTrotterTests.swift in Sources */,
			);
			runOnlyForDeploymentPostprocessing = 0;
		};
		BFD4E058249E57AA00369788 /* Sources */ = {
			isa = PBXSourcesBuildPhase;
			buildActionMask = 2147483647;
			files = (
				BFD4E061249E57AA00369788 /* WorldTrotterUITests.swift in Sources */,
			);
			runOnlyForDeploymentPostprocessing = 0;
		};
/* End PBXSourcesBuildPhase section */

/* Begin PBXTargetDependency section */
		BFD4E053249E57AA00369788 /* PBXTargetDependency */ = {
			isa = PBXTargetDependency;
			target = BFD4E03A249E57A900369788 /* WorldTrotter */;
			targetProxy = BFD4E052249E57AA00369788 /* PBXContainerItemProxy */;
		};
		BFD4E05E249E57AA00369788 /* PBXTargetDependency */ = {
			isa = PBXTargetDependency;
			target = BFD4E03A249E57A900369788 /* WorldTrotter */;
			targetProxy = BFD4E05D249E57AA00369788 /* PBXContainerItemProxy */;
		};
/* End PBXTargetDependency section */

/* Begin PBXVariantGroup section */
		BFD4E044249E57A900369788 /* Main.storyboard */ = {
			isa = PBXVariantGroup;
			children = (
				BFD4E045249E57A900369788 /* Base */,
			);
			name = Main.storyboard;
			sourceTree = "<group>";
		};
		BFD4E049249E57AA00369788 /* LaunchScreen.storyboard */ = {
			isa = PBXVariantGroup;
			children = (
				BFD4E04A249E57AA00369788 /* Base */,
			);
			name = LaunchScreen.storyboard;
			sourceTree = "<group>";
		};
/* End PBXVariantGroup section */

/* Begin XCBuildConfiguration section */
		BFD4E063249E57AA00369788 /* Debug */ = {
			isa = XCBuildConfiguration;
			buildSettings = {
				ALWAYS_SEARCH_USER_PATHS = NO;
				CLANG_ANALYZER_NONNULL = YES;
				CLANG_ANALYZER_NUMBER_OBJECT_CONVERSION = YES_AGGRESSIVE;
				CLANG_CXX_LANGUAGE_STANDARD = "gnu++14";
				CLANG_CXX_LIBRARY = "libc++";
				CLANG_ENABLE_MODULES = YES;
				CLANG_ENABLE_OBJC_ARC = YES;
				CLANG_ENABLE_OBJC_WEAK = YES;
				CLANG_WARN_BLOCK_CAPTURE_AUTORELEASING = YES;
				CLANG_WARN_BOOL_CONVERSION = YES;
				CLANG_WARN_COMMA = YES;
				CLANG_WARN_CONSTANT_CONVERSION = YES;
				CLANG_WARN_DEPRECATED_OBJC_IMPLEMENTATIONS = YES;
				CLANG_WARN_DIRECT_OBJC_ISA_USAGE = YES_ERROR;
				CLANG_WARN_DOCUMENTATION_COMMENTS = YES;
				CLANG_WARN_EMPTY_BODY = YES;
				CLANG_WARN_ENUM_CONVERSION = YES;
				CLANG_WARN_INFINITE_RECURSION = YES;
				CLANG_WARN_INT_CONVERSION = YES;
				CLANG_WARN_NON_LITERAL_NULL_CONVERSION = YES;
				CLANG_WARN_OBJC_IMPLICIT_RETAIN_SELF = YES;
				CLANG_WARN_OBJC_LITERAL_CONVERSION = YES;
				CLANG_WARN_OBJC_ROOT_CLASS = YES_ERROR;
				CLANG_WARN_RANGE_LOOP_ANALYSIS = YES;
				CLANG_WARN_STRICT_PROTOTYPES = YES;
				CLANG_WARN_SUSPICIOUS_MOVE = YES;
				CLANG_WARN_UNGUARDED_AVAILABILITY = YES_AGGRESSIVE;
				CLANG_WARN_UNREACHABLE_CODE = YES;
				CLANG_WARN__DUPLICATE_METHOD_MATCH = YES;
				COPY_PHASE_STRIP = NO;
				DEBUG_INFORMATION_FORMAT = dwarf;
				ENABLE_STRICT_OBJC_MSGSEND = YES;
				ENABLE_TESTABILITY = YES;
				GCC_C_LANGUAGE_STANDARD = gnu11;
				GCC_DYNAMIC_NO_PIC = NO;
				GCC_NO_COMMON_BLOCKS = YES;
				GCC_OPTIMIZATION_LEVEL = 0;
				GCC_PREPROCESSOR_DEFINITIONS = (
					"DEBUG=1",
					"$(inherited)",
				);
				GCC_WARN_64_TO_32_BIT_CONVERSION = YES;
				GCC_WARN_ABOUT_RETURN_TYPE = YES_ERROR;
				GCC_WARN_UNDECLARED_SELECTOR = YES;
				GCC_WARN_UNINITIALIZED_AUTOS = YES_AGGRESSIVE;
				GCC_WARN_UNUSED_FUNCTION = YES;
				GCC_WARN_UNUSED_VARIABLE = YES;
				IPHONEOS_DEPLOYMENT_TARGET = 13.5;
				MTL_ENABLE_DEBUG_INFO = INCLUDE_SOURCE;
				MTL_FAST_MATH = YES;
				ONLY_ACTIVE_ARCH = YES;
				SDKROOT = iphoneos;
				SWIFT_ACTIVE_COMPILATION_CONDITIONS = DEBUG;
				SWIFT_OPTIMIZATION_LEVEL = "-Onone";
			};
			name = Debug;
		};
		BFD4E064249E57AA00369788 /* Release */ = {
			isa = XCBuildConfiguration;
			buildSettings = {
				ALWAYS_SEARCH_USER_PATHS = NO;
				CLANG_ANALYZER_NONNULL = YES;
				CLANG_ANALYZER_NUMBER_OBJECT_CONVERSION = YES_AGGRESSIVE;
				CLANG_CXX_LANGUAGE_STANDARD = "gnu++14";
				CLANG_CXX_LIBRARY = "libc++";
				CLANG_ENABLE_MODULES = YES;
				CLANG_ENABLE_OBJC_ARC = YES;
				CLANG_ENABLE_OBJC_WEAK = YES;
				CLANG_WARN_BLOCK_CAPTURE_AUTORELEASING = YES;
				CLANG_WARN_BOOL_CONVERSION = YES;
				CLANG_WARN_COMMA = YES;
				CLANG_WARN_CONSTANT_CONVERSION = YES;
				CLANG_WARN_DEPRECATED_OBJC_IMPLEMENTATIONS = YES;
				CLANG_WARN_DIRECT_OBJC_ISA_USAGE = YES_ERROR;
				CLANG_WARN_DOCUMENTATION_COMMENTS = YES;
				CLANG_WARN_EMPTY_BODY = YES;
				CLANG_WARN_ENUM_CONVERSION = YES;
				CLANG_WARN_INFINITE_RECURSION = YES;
				CLANG_WARN_INT_CONVERSION = YES;
				CLANG_WARN_NON_LITERAL_NULL_CONVERSION = YES;
				CLANG_WARN_OBJC_IMPLICIT_RETAIN_SELF = YES;
				CLANG_WARN_OBJC_LITERAL_CONVERSION = YES;
				CLANG_WARN_OBJC_ROOT_CLASS = YES_ERROR;
				CLANG_WARN_RANGE_LOOP_ANALYSIS = YES;
				CLANG_WARN_STRICT_PROTOTYPES = YES;
				CLANG_WARN_SUSPICIOUS_MOVE = YES;
				CLANG_WARN_UNGUARDED_AVAILABILITY = YES_AGGRESSIVE;
				CLANG_WARN_UNREACHABLE_CODE = YES;
				CLANG_WARN__DUPLICATE_METHOD_MATCH = YES;
				COPY_PHASE_STRIP = NO;
				DEBUG_INFORMATION_FORMAT = "dwarf-with-dsym";
				ENABLE_NS_ASSERTIONS = NO;
				ENABLE_STRICT_OBJC_MSGSEND = YES;
				GCC_C_LANGUAGE_STANDARD = gnu11;
				GCC_NO_COMMON_BLOCKS = YES;
				GCC_WARN_64_TO_32_BIT_CONVERSION = YES;
				GCC_WARN_ABOUT_RETURN_TYPE = YES_ERROR;
				GCC_WARN_UNDECLARED_SELECTOR = YES;
				GCC_WARN_UNINITIALIZED_AUTOS = YES_AGGRESSIVE;
				GCC_WARN_UNUSED_FUNCTION = YES;
				GCC_WARN_UNUSED_VARIABLE = YES;
				IPHONEOS_DEPLOYMENT_TARGET = 13.5;
				MTL_ENABLE_DEBUG_INFO = NO;
				MTL_FAST_MATH = YES;
				SDKROOT = iphoneos;
				SWIFT_COMPILATION_MODE = wholemodule;
				SWIFT_OPTIMIZATION_LEVEL = "-O";
				VALIDATE_PRODUCT = YES;
			};
			name = Release;
		};
		BFD4E066249E57AA00369788 /* Debug */ = {
			isa = XCBuildConfiguration;
			buildSettings = {
				ASSETCATALOG_COMPILER_APPICON_NAME = AppIcon;
				CODE_SIGN_STYLE = Automatic;
				DEVELOPMENT_TEAM = 5TZV337LSA;
				INFOPLIST_FILE = WorldTrotter/Info.plist;
				LD_RUNPATH_SEARCH_PATHS = (
					"$(inherited)",
					"@executable_path/Frameworks",
				);
				PRODUCT_BUNDLE_IDENTIFIER = club.montivarius.WorldTrotter;
				PRODUCT_NAME = "$(TARGET_NAME)";
				SWIFT_VERSION = 5.0;
				TARGETED_DEVICE_FAMILY = "1,2";
			};
			name = Debug;
		};
		BFD4E067249E57AA00369788 /* Release */ = {
			isa = XCBuildConfiguration;
			buildSettings = {
				ASSETCATALOG_COMPILER_APPICON_NAME = AppIcon;
				CODE_SIGN_STYLE = Automatic;
				DEVELOPMENT_TEAM = 5TZV337LSA;
				INFOPLIST_FILE = WorldTrotter/Info.plist;
				LD_RUNPATH_SEARCH_PATHS = (
					"$(inherited)",
					"@executable_path/Frameworks",
				);
				PRODUCT_BUNDLE_IDENTIFIER = club.montivarius.WorldTrotter;
				PRODUCT_NAME = "$(TARGET_NAME)";
				SWIFT_VERSION = 5.0;
				TARGETED_DEVICE_FAMILY = "1,2";
			};
			name = Release;
		};
		BFD4E069249E57AA00369788 /* Debug */ = {
			isa = XCBuildConfiguration;
			buildSettings = {
				ALWAYS_EMBED_SWIFT_STANDARD_LIBRARIES = YES;
				BUNDLE_LOADER = "$(TEST_HOST)";
				CODE_SIGN_STYLE = Automatic;
				DEVELOPMENT_TEAM = 5TZV337LSA;
				INFOPLIST_FILE = WorldTrotterTests/Info.plist;
				IPHONEOS_DEPLOYMENT_TARGET = 13.5;
				LD_RUNPATH_SEARCH_PATHS = (
					"$(inherited)",
					"@executable_path/Frameworks",
					"@loader_path/Frameworks",
				);
				PRODUCT_BUNDLE_IDENTIFIER = club.montivarius.WorldTrotterTests;
				PRODUCT_NAME = "$(TARGET_NAME)";
				SWIFT_VERSION = 5.0;
				TARGETED_DEVICE_FAMILY = "1,2";
				TEST_HOST = "$(BUILT_PRODUCTS_DIR)/WorldTrotter.app/WorldTrotter";
			};
			name = Debug;
		};
		BFD4E06A249E57AA00369788 /* Release */ = {
			isa = XCBuildConfiguration;
			buildSettings = {
				ALWAYS_EMBED_SWIFT_STANDARD_LIBRARIES = YES;
				BUNDLE_LOADER = "$(TEST_HOST)";
				CODE_SIGN_STYLE = Automatic;
				DEVELOPMENT_TEAM = 5TZV337LSA;
				INFOPLIST_FILE = WorldTrotterTests/Info.plist;
				IPHONEOS_DEPLOYMENT_TARGET = 13.5;
				LD_RUNPATH_SEARCH_PATHS = (
					"$(inherited)",
					"@executable_path/Frameworks",
					"@loader_path/Frameworks",
				);
				PRODUCT_BUNDLE_IDENTIFIER = club.montivarius.WorldTrotterTests;
				PRODUCT_NAME = "$(TARGET_NAME)";
				SWIFT_VERSION = 5.0;
				TARGETED_DEVICE_FAMILY = "1,2";
				TEST_HOST = "$(BUILT_PRODUCTS_DIR)/WorldTrotter.app/WorldTrotter";
			};
			name = Release;
		};
		BFD4E06C249E57AA00369788 /* Debug */ = {
			isa = XCBuildConfiguration;
			buildSettings = {
				ALWAYS_EMBED_SWIFT_STANDARD_LIBRARIES = YES;
				CODE_SIGN_STYLE = Automatic;
				DEVELOPMENT_TEAM = 5TZV337LSA;
				INFOPLIST_FILE = WorldTrotterUITests/Info.plist;
				LD_RUNPATH_SEARCH_PATHS = (
					"$(inherited)",
					"@executable_path/Frameworks",
					"@loader_path/Frameworks",
				);
				PRODUCT_BUNDLE_IDENTIFIER = club.montivarius.WorldTrotterUITests;
				PRODUCT_NAME = "$(TARGET_NAME)";
				SWIFT_VERSION = 5.0;
				TARGETED_DEVICE_FAMILY = "1,2";
				TEST_TARGET_NAME = WorldTrotter;
			};
			name = Debug;
		};
		BFD4E06D249E57AA00369788 /* Release */ = {
			isa = XCBuildConfiguration;
			buildSettings = {
				ALWAYS_EMBED_SWIFT_STANDARD_LIBRARIES = YES;
				CODE_SIGN_STYLE = Automatic;
				DEVELOPMENT_TEAM = 5TZV337LSA;
				INFOPLIST_FILE = WorldTrotterUITests/Info.plist;
				LD_RUNPATH_SEARCH_PATHS = (
					"$(inherited)",
					"@executable_path/Frameworks",
					"@loader_path/Frameworks",
				);
				PRODUCT_BUNDLE_IDENTIFIER = club.montivarius.WorldTrotterUITests;
				PRODUCT_NAME = "$(TARGET_NAME)";
				SWIFT_VERSION = 5.0;
				TARGETED_DEVICE_FAMILY = "1,2";
				TEST_TARGET_NAME = WorldTrotter;
			};
			name = Release;
		};
/* End XCBuildConfiguration section */

/* Begin XCConfigurationList section */
		BFD4E036249E57A900369788 /* Build configuration list for PBXProject "WorldTrotter" */ = {
			isa = XCConfigurationList;
			buildConfigurations = (
				BFD4E063249E57AA00369788 /* Debug */,
				BFD4E064249E57AA00369788 /* Release */,
			);
			defaultConfigurationIsVisible = 0;
			defaultConfigurationName = Release;
		};
		BFD4E065249E57AA00369788 /* Build configuration list for PBXNativeTarget "WorldTrotter" */ = {
			isa = XCConfigurationList;
			buildConfigurations = (
				BFD4E066249E57AA00369788 /* Debug */,
				BFD4E067249E57AA00369788 /* Release */,
			);
			defaultConfigurationIsVisible = 0;
			defaultConfigurationName = Release;
		};
		BFD4E068249E57AA00369788 /* Build configuration list for PBXNativeTarget "WorldTrotterTests" */ = {
			isa = XCConfigurationList;
			buildConfigurations = (
				BFD4E069249E57AA00369788 /* Debug */,
				BFD4E06A249E57AA00369788 /* Release */,
			);
			defaultConfigurationIsVisible = 0;
			defaultConfigurationName = Release;
		};
		BFD4E06B249E57AA00369788 /* Build configuration list for PBXNativeTarget "WorldTrotterUITests" */ = {
			isa = XCConfigurationList;
			buildConfigurations = (
				BFD4E06C249E57AA00369788 /* Debug */,
				BFD4E06D249E57AA00369788 /* Release */,
			);
			defaultConfigurationIsVisible = 0;
			defaultConfigurationName = Release;
		};
/* End XCConfigurationList section */
	};
	rootObject = BFD4E033249E57A900369788 /* Project object */;
}
