// !$*UTF8*$!
{
	archiveVersion = 1;
	classes = {
	};
	objectVersion = 50;
	objects = {

/* Begin PBXBuildFile section */
		BF18A52D24B1302A00F75536 /* AppDelegate.swift in Sources */ = {isa = PBXBuildFile; fileRef = BF18A52C24B1302A00F75536 /* AppDelegate.swift */; };
		BF18A52F24B1302A00F75536 /* SceneDelegate.swift in Sources */ = {isa = PBXBuildFile; fileRef = BF18A52E24B1302A00F75536 /* SceneDelegate.swift */; };
		BF18A53124B1302A00F75536 /* ViewController.swift in Sources */ = {isa = PBXBuildFile; fileRef = BF18A53024B1302A00F75536 /* ViewController.swift */; };
		BF18A53424B1302A00F75536 /* Main.storyboard in Resources */ = {isa = PBXBuildFile; fileRef = BF18A53224B1302A00F75536 /* Main.storyboard */; };
		BF18A53624B1302E00F75536 /* Assets.xcassets in Resources */ = {isa = PBXBuildFile; fileRef = BF18A53524B1302E00F75536 /* Assets.xcassets */; };
		BF18A53924B1302E00F75536 /* LaunchScreen.storyboard in Resources */ = {isa = PBXBuildFile; fileRef = BF18A53724B1302E00F75536 /* LaunchScreen.storyboard */; };
		BF18A54424B1302E00F75536 /* BuggyTests.swift in Sources */ = {isa = PBXBuildFile; fileRef = BF18A54324B1302E00F75536 /* BuggyTests.swift */; };
		BF18A54F24B1302E00F75536 /* BuggyUITests.swift in Sources */ = {isa = PBXBuildFile; fileRef = BF18A54E24B1302E00F75536 /* BuggyUITests.swift */; };
/* End PBXBuildFile section */

/* Begin PBXContainerItemProxy section */
		BF18A54024B1302E00F75536 /* PBXContainerItemProxy */ = {
			isa = PBXContainerItemProxy;
			containerPortal = BF18A52124B1302A00F75536 /* Project object */;
			proxyType = 1;
			remoteGlobalIDString = BF18A52824B1302A00F75536;
			remoteInfo = Buggy;
		};
		BF18A54B24B1302E00F75536 /* PBXContainerItemProxy */ = {
			isa = PBXContainerItemProxy;
			containerPortal = BF18A52124B1302A00F75536 /* Project object */;
			proxyType = 1;
			remoteGlobalIDString = BF18A52824B1302A00F75536;
			remoteInfo = Buggy;
		};
/* End PBXContainerItemProxy section */

/* Begin PBXFileReference section */
		BF18A52924B1302A00F75536 /* Buggy.app */ = {isa = PBXFileReference; explicitFileType = wrapper.application; includeInIndex = 0; path = Buggy.app; sourceTree = BUILT_PRODUCTS_DIR; };
		BF18A52C24B1302A00F75536 /* AppDelegate.swift */ = {isa = PBXFileReference; lastKnownFileType = sourcecode.swift; path = AppDelegate.swift; sourceTree = "<group>"; };
		BF18A52E24B1302A00F75536 /* SceneDelegate.swift */ = {isa = PBXFileReference; lastKnownFileType = sourcecode.swift; path = SceneDelegate.swift; sourceTree = "<group>"; };
		BF18A53024B1302A00F75536 /* ViewController.swift */ = {isa = PBXFileReference; lastKnownFileType = sourcecode.swift; path = ViewController.swift; sourceTree = "<group>"; };
		BF18A53324B1302A00F75536 /* Base */ = {isa = PBXFileReference; lastKnownFileType = file.storyboard; name = Base; path = Base.lproj/Main.storyboard; sourceTree = "<group>"; };
		BF18A53524B1302E00F75536 /* Assets.xcassets */ = {isa = PBXFileReference; lastKnownFileType = folder.assetcatalog; path = Assets.xcassets; sourceTree = "<group>"; };
		BF18A53824B1302E00F75536 /* Base */ = {isa = PBXFileReference; lastKnownFileType = file.storyboard; name = Base; path = Base.lproj/LaunchScreen.storyboard; sourceTree = "<group>"; };
		BF18A53A24B1302E00F75536 /* Info.plist */ = {isa = PBXFileReference; lastKnownFileType = text.plist.xml; path = Info.plist; sourceTree = "<group>"; };
		BF18A53F24B1302E00F75536 /* BuggyTests.xctest */ = {isa = PBXFileReference; explicitFileType = wrapper.cfbundle; includeInIndex = 0; path = BuggyTests.xctest; sourceTree = BUILT_PRODUCTS_DIR; };
		BF18A54324B1302E00F75536 /* BuggyTests.swift */ = {isa = PBXFileReference; lastKnownFileType = sourcecode.swift; path = BuggyTests.swift; sourceTree = "<group>"; };
		BF18A54524B1302E00F75536 /* Info.plist */ = {isa = PBXFileReference; lastKnownFileType = text.plist.xml; path = Info.plist; sourceTree = "<group>"; };
		BF18A54A24B1302E00F75536 /* BuggyUITests.xctest */ = {isa = PBXFileReference; explicitFileType = wrapper.cfbundle; includeInIndex = 0; path = BuggyUITests.xctest; sourceTree = BUILT_PRODUCTS_DIR; };
		BF18A54E24B1302E00F75536 /* BuggyUITests.swift */ = {isa = PBXFileReference; lastKnownFileType = sourcecode.swift; path = BuggyUITests.swift; sourceTree = "<group>"; };
		BF18A55024B1302E00F75536 /* Info.plist */ = {isa = PBXFileReference; lastKnownFileType = text.plist.xml; path = Info.plist; sourceTree = "<group>"; };
/* End PBXFileReference section */

/* Begin PBXFrameworksBuildPhase section */
		BF18A52624B1302A00F75536 /* Frameworks */ = {
			isa = PBXFrameworksBuildPhase;
			buildActionMask = 2147483647;
			files = (
			);
			runOnlyForDeploymentPostprocessing = 0;
		};
		BF18A53C24B1302E00F75536 /* Frameworks */ = {
			isa = PBXFrameworksBuildPhase;
			buildActionMask = 2147483647;
			files = (
			);
			runOnlyForDeploymentPostprocessing = 0;
		};
		BF18A54724B1302E00F75536 /* Frameworks */ = {
			isa = PBXFrameworksBuildPhase;
			buildActionMask = 2147483647;
			files = (
			);
			runOnlyForDeploymentPostprocessing = 0;
		};
/* End PBXFrameworksBuildPhase section */

/* Begin PBXGroup section */
		BF18A52024B1302A00F75536 = {
			isa = PBXGroup;
			children = (
				BF18A52B24B1302A00F75536 /* Buggy */,
				BF18A54224B1302E00F75536 /* BuggyTests */,
				BF18A54D24B1302E00F75536 /* BuggyUITests */,
				BF18A52A24B1302A00F75536 /* Products */,
			);
			sourceTree = "<group>";
		};
		BF18A52A24B1302A00F75536 /* Products */ = {
			isa = PBXGroup;
			children = (
				BF18A52924B1302A00F75536 /* Buggy.app */,
				BF18A53F24B1302E00F75536 /* BuggyTests.xctest */,
				BF18A54A24B1302E00F75536 /* BuggyUITests.xctest */,
			);
			name = Products;
			sourceTree = "<group>";
		};
		BF18A52B24B1302A00F75536 /* Buggy */ = {
			isa = PBXGroup;
			children = (
				BF18A52C24B1302A00F75536 /* AppDelegate.swift */,
				BF18A52E24B1302A00F75536 /* SceneDelegate.swift */,
				BF18A53024B1302A00F75536 /* ViewController.swift */,
				BF18A53224B1302A00F75536 /* Main.storyboard */,
				BF18A53524B1302E00F75536 /* Assets.xcassets */,
				BF18A53724B1302E00F75536 /* LaunchScreen.storyboard */,
				BF18A53A24B1302E00F75536 /* Info.plist */,
			);
			path = Buggy;
			sourceTree = "<group>";
		};
		BF18A54224B1302E00F75536 /* BuggyTests */ = {
			isa = PBXGroup;
			children = (
				BF18A54324B1302E00F75536 /* BuggyTests.swift */,
				BF18A54524B1302E00F75536 /* Info.plist */,
			);
			path = BuggyTests;
			sourceTree = "<group>";
		};
		BF18A54D24B1302E00F75536 /* BuggyUITests */ = {
			isa = PBXGroup;
			children = (
				BF18A54E24B1302E00F75536 /* BuggyUITests.swift */,
				BF18A55024B1302E00F75536 /* Info.plist */,
			);
			path = BuggyUITests;
			sourceTree = "<group>";
		};
/* End PBXGroup section */

/* Begin PBXNativeTarget section */
		BF18A52824B1302A00F75536 /* Buggy */ = {
			isa = PBXNativeTarget;
			buildConfigurationList = BF18A55324B1302E00F75536 /* Build configuration list for PBXNativeTarget "Buggy" */;
			buildPhases = (
				BF18A52524B1302A00F75536 /* Sources */,
				BF18A52624B1302A00F75536 /* Frameworks */,
				BF18A52724B1302A00F75536 /* Resources */,
			);
			buildRules = (
			);
			dependencies = (
			);
			name = Buggy;
			productName = Buggy;
			productReference = BF18A52924B1302A00F75536 /* Buggy.app */;
			productType = "com.apple.product-type.application";
		};
		BF18A53E24B1302E00F75536 /* BuggyTests */ = {
			isa = PBXNativeTarget;
			buildConfigurationList = BF18A55624B1302E00F75536 /* Build configuration list for PBXNativeTarget "BuggyTests" */;
			buildPhases = (
				BF18A53B24B1302E00F75536 /* Sources */,
				BF18A53C24B1302E00F75536 /* Frameworks */,
				BF18A53D24B1302E00F75536 /* Resources */,
			);
			buildRules = (
			);
			dependencies = (
				BF18A54124B1302E00F75536 /* PBXTargetDependency */,
			);
			name = BuggyTests;
			productName = BuggyTests;
			productReference = BF18A53F24B1302E00F75536 /* BuggyTests.xctest */;
			productType = "com.apple.product-type.bundle.unit-test";
		};
		BF18A54924B1302E00F75536 /* BuggyUITests */ = {
			isa = PBXNativeTarget;
			buildConfigurationList = BF18A55924B1302E00F75536 /* Build configuration list for PBXNativeTarget "BuggyUITests" */;
			buildPhases = (
				BF18A54624B1302E00F75536 /* Sources */,
				BF18A54724B1302E00F75536 /* Frameworks */,
				BF18A54824B1302E00F75536 /* Resources */,
			);
			buildRules = (
			);
			dependencies = (
				BF18A54C24B1302E00F75536 /* PBXTargetDependency */,
			);
			name = BuggyUITests;
			productName = BuggyUITests;
			productReference = BF18A54A24B1302E00F75536 /* BuggyUITests.xctest */;
			productType = "com.apple.product-type.bundle.ui-testing";
		};
/* End PBXNativeTarget section */

/* Begin PBXProject section */
		BF18A52124B1302A00F75536 /* Project object */ = {
			isa = PBXProject;
			attributes = {
				LastSwiftUpdateCheck = 1150;
				LastUpgradeCheck = 1150;
				ORGANIZATIONNAME = "Yuri Shevtsov";
				TargetAttributes = {
					BF18A52824B1302A00F75536 = {
						CreatedOnToolsVersion = 11.5;
					};
					BF18A53E24B1302E00F75536 = {
						CreatedOnToolsVersion = 11.5;
						TestTargetID = BF18A52824B1302A00F75536;
					};
					BF18A54924B1302E00F75536 = {
						CreatedOnToolsVersion = 11.5;
						TestTargetID = BF18A52824B1302A00F75536;
					};
				};
			};
			buildConfigurationList = BF18A52424B1302A00F75536 /* Build configuration list for PBXProject "Buggy" */;
			compatibilityVersion = "Xcode 9.3";
			developmentRegion = en;
			hasScannedForEncodings = 0;
			knownRegions = (
				en,
				Base,
			);
			mainGroup = BF18A52024B1302A00F75536;
			productRefGroup = BF18A52A24B1302A00F75536 /* Products */;
			projectDirPath = "";
			projectRoot = "";
			targets = (
				BF18A52824B1302A00F75536 /* Buggy */,
				BF18A53E24B1302E00F75536 /* BuggyTests */,
				BF18A54924B1302E00F75536 /* BuggyUITests */,
			);
		};
/* End PBXProject section */

/* Begin PBXResourcesBuildPhase section */
		BF18A52724B1302A00F75536 /* Resources */ = {
			isa = PBXResourcesBuildPhase;
			buildActionMask = 2147483647;
			files = (
				BF18A53924B1302E00F75536 /* LaunchScreen.storyboard in Resources */,
				BF18A53624B1302E00F75536 /* Assets.xcassets in Resources */,
				BF18A53424B1302A00F75536 /* Main.storyboard in Resources */,
			);
			runOnlyForDeploymentPostprocessing = 0;
		};
		BF18A53D24B1302E00F75536 /* Resources */ = {
			isa = PBXResourcesBuildPhase;
			buildActionMask = 2147483647;
			files = (
			);
			runOnlyForDeploymentPostprocessing = 0;
		};
		BF18A54824B1302E00F75536 /* Resources */ = {
			isa = PBXResourcesBuildPhase;
			buildActionMask = 2147483647;
			files = (
			);
			runOnlyForDeploymentPostprocessing = 0;
		};
/* End PBXResourcesBuildPhase section */

/* Begin PBXSourcesBuildPhase section */
		BF18A52524B1302A00F75536 /* Sources */ = {
			isa = PBXSourcesBuildPhase;
			buildActionMask = 2147483647;
			files = (
				BF18A53124B1302A00F75536 /* ViewController.swift in Sources */,
				BF18A52D24B1302A00F75536 /* AppDelegate.swift in Sources */,
				BF18A52F24B1302A00F75536 /* SceneDelegate.swift in Sources */,
			);
			runOnlyForDeploymentPostprocessing = 0;
		};
		BF18A53B24B1302E00F75536 /* Sources */ = {
			isa = PBXSourcesBuildPhase;
			buildActionMask = 2147483647;
			files = (
				BF18A54424B1302E00F75536 /* BuggyTests.swift in Sources */,
			);
			runOnlyForDeploymentPostprocessing = 0;
		};
		BF18A54624B1302E00F75536 /* Sources */ = {
			isa = PBXSourcesBuildPhase;
			buildActionMask = 2147483647;
			files = (
				BF18A54F24B1302E00F75536 /* BuggyUITests.swift in Sources */,
			);
			runOnlyForDeploymentPostprocessing = 0;
		};
/* End PBXSourcesBuildPhase section */

/* Begin PBXTargetDependency section */
		BF18A54124B1302E00F75536 /* PBXTargetDependency */ = {
			isa = PBXTargetDependency;
			target = BF18A52824B1302A00F75536 /* Buggy */;
			targetProxy = BF18A54024B1302E00F75536 /* PBXContainerItemProxy */;
		};
		BF18A54C24B1302E00F75536 /* PBXTargetDependency */ = {
			isa = PBXTargetDependency;
			target = BF18A52824B1302A00F75536 /* Buggy */;
			targetProxy = BF18A54B24B1302E00F75536 /* PBXContainerItemProxy */;
		};
/* End PBXTargetDependency section */

/* Begin PBXVariantGroup section */
		BF18A53224B1302A00F75536 /* Main.storyboard */ = {
			isa = PBXVariantGroup;
			children = (
				BF18A53324B1302A00F75536 /* Base */,
			);
			name = Main.storyboard;
			sourceTree = "<group>";
		};
		BF18A53724B1302E00F75536 /* LaunchScreen.storyboard */ = {
			isa = PBXVariantGroup;
			children = (
				BF18A53824B1302E00F75536 /* Base */,
			);
			name = LaunchScreen.storyboard;
			sourceTree = "<group>";
		};
/* End PBXVariantGroup section */

/* Begin XCBuildConfiguration section */
		BF18A55124B1302E00F75536 /* Debug */ = {
			isa = XCBuildConfiguration;
			buildSettings = {
				ALWAYS_SEARCH_USER_PATHS = NO;
				CLANG_ANALYZER_NONNULL = YES;
				CLANG_ANALYZER_NUMBER_OBJECT_CONVERSION = YES_AGGRESSIVE;
				CLANG_CXX_LANGUAGE_STANDARD = "gnu++14";
				CLANG_CXX_LIBRARY = "libc++";
				CLANG_ENABLE_MODULES = YES;
				CLANG_ENABLE_OBJC_ARC = YES;
				CLANG_ENABLE_OBJC_WEAK = YES;
				CLANG_WARN_BLOCK_CAPTURE_AUTORELEASING = YES;
				CLANG_WARN_BOOL_CONVERSION = YES;
				CLANG_WARN_COMMA = YES;
				CLANG_WARN_CONSTANT_CONVERSION = YES;
				CLANG_WARN_DEPRECATED_OBJC_IMPLEMENTATIONS = YES;
				CLANG_WARN_DIRECT_OBJC_ISA_USAGE = YES_ERROR;
				CLANG_WARN_DOCUMENTATION_COMMENTS = YES;
				CLANG_WARN_EMPTY_BODY = YES;
				CLANG_WARN_ENUM_CONVERSION = YES;
				CLANG_WARN_INFINITE_RECURSION = YES;
				CLANG_WARN_INT_CONVERSION = YES;
				CLANG_WARN_NON_LITERAL_NULL_CONVERSION = YES;
				CLANG_WARN_OBJC_IMPLICIT_RETAIN_SELF = YES;
				CLANG_WARN_OBJC_LITERAL_CONVERSION = YES;
				CLANG_WARN_OBJC_ROOT_CLASS = YES_ERROR;
				CLANG_WARN_RANGE_LOOP_ANALYSIS = YES;
				CLANG_WARN_STRICT_PROTOTYPES = YES;
				CLANG_WARN_SUSPICIOUS_MOVE = YES;
				CLANG_WARN_UNGUARDED_AVAILABILITY = YES_AGGRESSIVE;
				CLANG_WARN_UNREACHABLE_CODE = YES;
				CLANG_WARN__DUPLICATE_METHOD_MATCH = YES;
				COPY_PHASE_STRIP = NO;
				DEBUG_INFORMATION_FORMAT = dwarf;
				ENABLE_STRICT_OBJC_MSGSEND = YES;
				ENABLE_TESTABILITY = YES;
				GCC_C_LANGUAGE_STANDARD = gnu11;
				GCC_DYNAMIC_NO_PIC = NO;
				GCC_NO_COMMON_BLOCKS = YES;
				GCC_OPTIMIZATION_LEVEL = 0;
				GCC_PREPROCESSOR_DEFINITIONS = (
					"DEBUG=1",
					"$(inherited)",
				);
				GCC_WARN_64_TO_32_BIT_CONVERSION = YES;
				GCC_WARN_ABOUT_RETURN_TYPE = YES_ERROR;
				GCC_WARN_UNDECLARED_SELECTOR = YES;
				GCC_WARN_UNINITIALIZED_AUTOS = YES_AGGRESSIVE;
				GCC_WARN_UNUSED_FUNCTION = YES;
				GCC_WARN_UNUSED_VARIABLE = YES;
				IPHONEOS_DEPLOYMENT_TARGET = 13.5;
				MTL_ENABLE_DEBUG_INFO = INCLUDE_SOURCE;
				MTL_FAST_MATH = YES;
				ONLY_ACTIVE_ARCH = YES;
				SDKROOT = iphoneos;
				SWIFT_ACTIVE_COMPILATION_CONDITIONS = DEBUG;
				SWIFT_OPTIMIZATION_LEVEL = "-Onone";
			};
			name = Debug;
		};
		BF18A55224B1302E00F75536 /* Release */ = {
			isa = XCBuildConfiguration;
			buildSettings = {
				ALWAYS_SEARCH_USER_PATHS = NO;
				CLANG_ANALYZER_NONNULL = YES;
				CLANG_ANALYZER_NUMBER_OBJECT_CONVERSION = YES_AGGRESSIVE;
				CLANG_CXX_LANGUAGE_STANDARD = "gnu++14";
				CLANG_CXX_LIBRARY = "libc++";
				CLANG_ENABLE_MODULES = YES;
				CLANG_ENABLE_OBJC_ARC = YES;
				CLANG_ENABLE_OBJC_WEAK = YES;
				CLANG_WARN_BLOCK_CAPTURE_AUTORELEASING = YES;
				CLANG_WARN_BOOL_CONVERSION = YES;
				CLANG_WARN_COMMA = YES;
				CLANG_WARN_CONSTANT_CONVERSION = YES;
				CLANG_WARN_DEPRECATED_OBJC_IMPLEMENTATIONS = YES;
				CLANG_WARN_DIRECT_OBJC_ISA_USAGE = YES_ERROR;
				CLANG_WARN_DOCUMENTATION_COMMENTS = YES;
				CLANG_WARN_EMPTY_BODY = YES;
				CLANG_WARN_ENUM_CONVERSION = YES;
				CLANG_WARN_INFINITE_RECURSION = YES;
				CLANG_WARN_INT_CONVERSION = YES;
				CLANG_WARN_NON_LITERAL_NULL_CONVERSION = YES;
				CLANG_WARN_OBJC_IMPLICIT_RETAIN_SELF = YES;
				CLANG_WARN_OBJC_LITERAL_CONVERSION = YES;
				CLANG_WARN_OBJC_ROOT_CLASS = YES_ERROR;
				CLANG_WARN_RANGE_LOOP_ANALYSIS = YES;
				CLANG_WARN_STRICT_PROTOTYPES = YES;
				CLANG_WARN_SUSPICIOUS_MOVE = YES;
				CLANG_WARN_UNGUARDED_AVAILABILITY = YES_AGGRESSIVE;
				CLANG_WARN_UNREACHABLE_CODE = YES;
				CLANG_WARN__DUPLICATE_METHOD_MATCH = YES;
				COPY_PHASE_STRIP = NO;
				DEBUG_INFORMATION_FORMAT = "dwarf-with-dsym";
				ENABLE_NS_ASSERTIONS = NO;
				ENABLE_STRICT_OBJC_MSGSEND = YES;
				GCC_C_LANGUAGE_STANDARD = gnu11;
				GCC_NO_COMMON_BLOCKS = YES;
				GCC_WARN_64_TO_32_BIT_CONVERSION = YES;
				GCC_WARN_ABOUT_RETURN_TYPE = YES_ERROR;
				GCC_WARN_UNDECLARED_SELECTOR = YES;
				GCC_WARN_UNINITIALIZED_AUTOS = YES_AGGRESSIVE;
				GCC_WARN_UNUSED_FUNCTION = YES;
				GCC_WARN_UNUSED_VARIABLE = YES;
				IPHONEOS_DEPLOYMENT_TARGET = 13.5;
				MTL_ENABLE_DEBUG_INFO = NO;
				MTL_FAST_MATH = YES;
				SDKROOT = iphoneos;
				SWIFT_COMPILATION_MODE = wholemodule;
				SWIFT_OPTIMIZATION_LEVEL = "-O";
				VALIDATE_PRODUCT = YES;
			};
			name = Release;
		};
		BF18A55424B1302E00F75536 /* Debug */ = {
			isa = XCBuildConfiguration;
			buildSettings = {
				ASSETCATALOG_COMPILER_APPICON_NAME = AppIcon;
				CODE_SIGN_STYLE = Automatic;
				DEVELOPMENT_TEAM = 5TZV337LSA;
				INFOPLIST_FILE = Buggy/Info.plist;
				LD_RUNPATH_SEARCH_PATHS = (
					"$(inherited)",
					"@executable_path/Frameworks",
				);
				PRODUCT_BUNDLE_IDENTIFIER = club.montivarius.Buggy;
				PRODUCT_NAME = "$(TARGET_NAME)";
				SWIFT_VERSION = 5.0;
				TARGETED_DEVICE_FAMILY = "1,2";
			};
			name = Debug;
		};
		BF18A55524B1302E00F75536 /* Release */ = {
			isa = XCBuildConfiguration;
			buildSettings = {
				ASSETCATALOG_COMPILER_APPICON_NAME = AppIcon;
				CODE_SIGN_STYLE = Automatic;
				DEVELOPMENT_TEAM = 5TZV337LSA;
				INFOPLIST_FILE = Buggy/Info.plist;
				LD_RUNPATH_SEARCH_PATHS = (
					"$(inherited)",
					"@executable_path/Frameworks",
				);
				PRODUCT_BUNDLE_IDENTIFIER = club.montivarius.Buggy;
				PRODUCT_NAME = "$(TARGET_NAME)";
				SWIFT_VERSION = 5.0;
				TARGETED_DEVICE_FAMILY = "1,2";
			};
			name = Release;
		};
		BF18A55724B1302E00F75536 /* Debug */ = {
			isa = XCBuildConfiguration;
			buildSettings = {
				ALWAYS_EMBED_SWIFT_STANDARD_LIBRARIES = YES;
				BUNDLE_LOADER = "$(TEST_HOST)";
				CODE_SIGN_STYLE = Automatic;
				DEVELOPMENT_TEAM = 5TZV337LSA;
				INFOPLIST_FILE = BuggyTests/Info.plist;
				IPHONEOS_DEPLOYMENT_TARGET = 13.5;
				LD_RUNPATH_SEARCH_PATHS = (
					"$(inherited)",
					"@executable_path/Frameworks",
					"@loader_path/Frameworks",
				);
				PRODUCT_BUNDLE_IDENTIFIER = club.montivarius.BuggyTests;
				PRODUCT_NAME = "$(TARGET_NAME)";
				SWIFT_VERSION = 5.0;
				TARGETED_DEVICE_FAMILY = "1,2";
				TEST_HOST = "$(BUILT_PRODUCTS_DIR)/Buggy.app/Buggy";
			};
			name = Debug;
		};
		BF18A55824B1302E00F75536 /* Release */ = {
			isa = XCBuildConfiguration;
			buildSettings = {
				ALWAYS_EMBED_SWIFT_STANDARD_LIBRARIES = YES;
				BUNDLE_LOADER = "$(TEST_HOST)";
				CODE_SIGN_STYLE = Automatic;
				DEVELOPMENT_TEAM = 5TZV337LSA;
				INFOPLIST_FILE = BuggyTests/Info.plist;
				IPHONEOS_DEPLOYMENT_TARGET = 13.5;
				LD_RUNPATH_SEARCH_PATHS = (
					"$(inherited)",
					"@executable_path/Frameworks",
					"@loader_path/Frameworks",
				);
				PRODUCT_BUNDLE_IDENTIFIER = club.montivarius.BuggyTests;
				PRODUCT_NAME = "$(TARGET_NAME)";
				SWIFT_VERSION = 5.0;
				TARGETED_DEVICE_FAMILY = "1,2";
				TEST_HOST = "$(BUILT_PRODUCTS_DIR)/Buggy.app/Buggy";
			};
			name = Release;
		};
		BF18A55A24B1302E00F75536 /* Debug */ = {
			isa = XCBuildConfiguration;
			buildSettings = {
				ALWAYS_EMBED_SWIFT_STANDARD_LIBRARIES = YES;
				CODE_SIGN_STYLE = Automatic;
				DEVELOPMENT_TEAM = 5TZV337LSA;
				INFOPLIST_FILE = BuggyUITests/Info.plist;
				LD_RUNPATH_SEARCH_PATHS = (
					"$(inherited)",
					"@executable_path/Frameworks",
					"@loader_path/Frameworks",
				);
				PRODUCT_BUNDLE_IDENTIFIER = club.montivarius.BuggyUITests;
				PRODUCT_NAME = "$(TARGET_NAME)";
				SWIFT_VERSION = 5.0;
				TARGETED_DEVICE_FAMILY = "1,2";
				TEST_TARGET_NAME = Buggy;
			};
			name = Debug;
		};
		BF18A55B24B1302E00F75536 /* Release */ = {
			isa = XCBuildConfiguration;
			buildSettings = {
				ALWAYS_EMBED_SWIFT_STANDARD_LIBRARIES = YES;
				CODE_SIGN_STYLE = Automatic;
				DEVELOPMENT_TEAM = 5TZV337LSA;
				INFOPLIST_FILE = BuggyUITests/Info.plist;
				LD_RUNPATH_SEARCH_PATHS = (
					"$(inherited)",
					"@executable_path/Frameworks",
					"@loader_path/Frameworks",
				);
				PRODUCT_BUNDLE_IDENTIFIER = club.montivarius.BuggyUITests;
				PRODUCT_NAME = "$(TARGET_NAME)";
				SWIFT_VERSION = 5.0;
				TARGETED_DEVICE_FAMILY = "1,2";
				TEST_TARGET_NAME = Buggy;
			};
			name = Release;
		};
/* End XCBuildConfiguration section */

/* Begin XCConfigurationList section */
		BF18A52424B1302A00F75536 /* Build configuration list for PBXProject "Buggy" */ = {
			isa = XCConfigurationList;
			buildConfigurations = (
				BF18A55124B1302E00F75536 /* Debug */,
				BF18A55224B1302E00F75536 /* Release */,
			);
			defaultConfigurationIsVisible = 0;
			defaultConfigurationName = Release;
		};
		BF18A55324B1302E00F75536 /* Build configuration list for PBXNativeTarget "Buggy" */ = {
			isa = XCConfigurationList;
			buildConfigurations = (
				BF18A55424B1302E00F75536 /* Debug */,
				BF18A55524B1302E00F75536 /* Release */,
			);
			defaultConfigurationIsVisible = 0;
			defaultConfigurationName = Release;
		};
		BF18A55624B1302E00F75536 /* Build configuration list for PBXNativeTarget "BuggyTests" */ = {
			isa = XCConfigurationList;
			buildConfigurations = (
				BF18A55724B1302E00F75536 /* Debug */,
				BF18A55824B1302E00F75536 /* Release */,
			);
			defaultConfigurationIsVisible = 0;
			defaultConfigurationName = Release;
		};
		BF18A55924B1302E00F75536 /* Build configuration list for PBXNativeTarget "BuggyUITests" */ = {
			isa = XCConfigurationList;
			buildConfigurations = (
				BF18A55A24B1302E00F75536 /* Debug */,
				BF18A55B24B1302E00F75536 /* Release */,
			);
			defaultConfigurationIsVisible = 0;
			defaultConfigurationName = Release;
		};
/* End XCConfigurationList section */
	};
	rootObject = BF18A52124B1302A00F75536 /* Project object */;
}
